
Microsoft Visual Studio Solution File, Format Version 12.00
# Visual Studio Version 16
VisualStudioVersion = 16.0.31410.357
MinimumVisualStudioVersion = 10.0.40219.1
Project("{888888A0-9F3D-457C-B088-3A5042F75D52}") = "MNIST Classifier", "MNIST Classifier\MNIST Classifier.pyproj", "{DA8DF799-6E5C-4E92-8A81-6166ED17E7EB}"
EndProject
Project("{2150E333-8FDC-42A3-9474-1A3956D46DE8}") = "Solution Items", "Solution Items", "{D1D4A98B-2970-476C-BF0D-B365AACEE252}"
EndProject
Global
	GlobalSection(SolutionConfigurationPlatforms) = preSolution
		Debug|Any CPU = Debug|Any CPU
		Release|Any CPU = Release|Any CPU
	EndGlobalSection
	GlobalSection(ProjectConfigurationPlatforms) = postSolution
		{DA8DF799-6E5C-4E92-8A81-6166ED17E7EB}.Debug|Any CPU.ActiveCfg = Debug|Any CPU
		{DA8DF799-6E5C-4E92-8A81-6166ED17E7EB}.Release|Any CPU.ActiveCfg = Release|Any CPU
	EndGlobalSection
	GlobalSection(SolutionProperties) = preSolution
		HideSolutionNode = FALSE
	EndGlobalSection
	GlobalSection(ExtensibilityGlobals) = postSolution
		SolutionGuid = {69908CAA-D4A0-446B-B30B-8CAB12AAA183}
	EndGlobalSection
EndGlobal
